
Microsoft Visual Studio Solution File, Format Version 12.00
# Visual Studio Version 17
VisualStudioVersion = 17.14.36310.24
MinimumVisualStudioVersion = 10.0.40219.1
Project("{FAE04EC0-301F-11D3-BF4B-00C04F79EFBC}") = "Datacomp.StronaFirmowa.Fundament", "Datacomp.StronaFirmowa.Fundament\Datacomp.StronaFirmowa.Fundament.csproj", "{6B6BDBBF-EFEA-45A4-AD7B-3DD62E6DE054}"
EndProject
Project("{FAE04EC0-301F-11D3-BF4B-00C04F79EFBC}") = "Datacomp.StronaFirmowa.API", "Datacomp.StronaFirmowa.API\Datacomp.StronaFirmowa.API.csproj", "{FB5842D3-4713-4388-BF74-493D2041B12F}"
EndProject
Project("{FAE04EC0-301F-11D3-BF4B-00C04F79EFBC}") = "DataComp.StronaFirmowa.Strona", "DataComp.StronaFirmowa.Strona\DataComp.StronaFirmowa.Strona.csproj", "{75B7EA0B-1633-4848-9D7D-DDE0FAB048A6}"
EndProject
Project("{2150E333-8FDC-42A3-9474-1A3956D46DE8}") = ".github", ".github", "{02EA681E-C7D8-13C7-8484-4AC65E1B71E8}"
EndProject
Project("{2150E333-8FDC-42A3-9474-1A3956D46DE8}") = "workflows", "workflows", "{6862F5D0-6BE1-433B-9127-255A7169BE56}"
	ProjectSection(SolutionItems) = preProject
		C:\Users\p.bartosiak\Downloads\deploy.yml = C:\Users\p.bartosiak\Downloads\deploy.yml
	EndProjectSection
EndProject
Global
	GlobalSection(SolutionConfigurationPlatforms) = preSolution
		Debug|Any CPU = Debug|Any CPU
		Release|Any CPU = Release|Any CPU
	EndGlobalSection
	GlobalSection(ProjectConfigurationPlatforms) = postSolution
		{6B6BDBBF-EFEA-45A4-AD7B-3DD62E6DE054}.Debug|Any CPU.ActiveCfg = Debug|Any CPU
		{6B6BDBBF-EFEA-45A4-AD7B-3DD62E6DE054}.Debug|Any CPU.Build.0 = Debug|Any CPU
		{6B6BDBBF-EFEA-45A4-AD7B-3DD62E6DE054}.Release|Any CPU.ActiveCfg = Release|Any CPU
		{6B6BDBBF-EFEA-45A4-AD7B-3DD62E6DE054}.Release|Any CPU.Build.0 = Release|Any CPU
		{FB5842D3-4713-4388-BF74-493D2041B12F}.Debug|Any CPU.ActiveCfg = Debug|Any CPU
		{FB5842D3-4713-4388-BF74-493D2041B12F}.Debug|Any CPU.Build.0 = Debug|Any CPU
		{FB5842D3-4713-4388-BF74-493D2041B12F}.Release|Any CPU.ActiveCfg = Release|Any CPU
		{FB5842D3-4713-4388-BF74-493D2041B12F}.Release|Any CPU.Build.0 = Release|Any CPU
		{75B7EA0B-1633-4848-9D7D-DDE0FAB048A6}.Debug|Any CPU.ActiveCfg = Debug|Any CPU
		{75B7EA0B-1633-4848-9D7D-DDE0FAB048A6}.Debug|Any CPU.Build.0 = Debug|Any CPU
		{75B7EA0B-1633-4848-9D7D-DDE0FAB048A6}.Release|Any CPU.ActiveCfg = Release|Any CPU
		{75B7EA0B-1633-4848-9D7D-DDE0FAB048A6}.Release|Any CPU.Build.0 = Release|Any CPU
	EndGlobalSection
	GlobalSection(SolutionProperties) = preSolution
		HideSolutionNode = FALSE
	EndGlobalSection
	GlobalSection(NestedProjects) = preSolution
		{6862F5D0-6BE1-433B-9127-255A7169BE56} = {02EA681E-C7D8-13C7-8484-4AC65E1B71E8}
	EndGlobalSection
	GlobalSection(ExtensibilityGlobals) = postSolution
		SolutionGuid = {E77A7C75-E25D-4BA5-BCC9-F58CC49B118C}
	EndGlobalSection
EndGlobal
